{
  "name": "abap-advent-2021-gregor-wolf",
  "version": "0.0.1",
  "lockfileVersion": 1,
  "requires": true,
  "dependencies": {
    "@abaplint/cli": {
      "version": "2.86.3",
      "resolved": "https://registry.npmjs.org/@abaplint/cli/-/cli-2.86.3.tgz",
      "integrity": "sha512-hjcd6CIuTV9k+ADqAnH36LIgN42Il6y53CSyLU7D1sbgSE4/9peEXWXxK2kER1v1WanK5fTSTuRAHSZMRZDXtA=="
    },
    "@abaplint/runtime": {
      "version": "2.0.16",
      "resolved": "https://registry.npmjs.org/@abaplint/runtime/-/runtime-2.0.16.tgz",
      "integrity": "sha512-rQwc9GrLsamPjhkXMTL593ePa1+ynGTASat5zIBoQQcznJjoe9LMfWMI6VN8XA7nw6EiDdxstOyknoOS4X2nzA=="
    },
    "@abaplint/transpiler-cli": {
      "version": "1.8.30",
      "resolved": "https://registry.npmjs.org/@abaplint/transpiler-cli/-/transpiler-cli-1.8.30.tgz",
      "integrity": "sha512-rHverfu2xIEFwXu6ijHax00mxyIfjOBP1TTlfLRrWLok7GyJGEUFFaQKIcBBt809cvFnFtZo9OGHk2ezgWOCfg=="
    }
  }
}
