{
  "name": "abap-advent-2021-gregor-wolf",
  "version": "0.0.1",
  "lockfileVersion": 1,
  "requires": true,
  "dependencies": {
    "@abaplint/cli": {
      "version": "2.91.5",
      "resolved": "https://registry.npmjs.org/@abaplint/cli/-/cli-2.91.5.tgz",
      "integrity": "sha512-1PE2YOasVIghVGG2KA1z/Tot9E0Kf/7BVqV85nhEMe8IrDQpSLa4HB0ayQl8YpDLv1WxWB7JBoBe/xBaSFlCKQ=="
    },
    "@abaplint/runtime": {
      "version": "1.8.40",
      "resolved": "https://registry.npmjs.org/@abaplint/runtime/-/runtime-1.8.40.tgz",
      "integrity": "sha512-mI3cHzNIOtJZ/5mC8SksFtaF31z3owVct/Ckq6MLi386CM+5obGQklCHS0IUkARd+1IgFuAj9yNz7z9P6Cywcg==",
      "requires": {
        "sql.js": "^1.6.2"
      }
    },
    "@abaplint/transpiler-cli": {
      "version": "1.8.40",
      "resolved": "https://registry.npmjs.org/@abaplint/transpiler-cli/-/transpiler-cli-1.8.40.tgz",
      "integrity": "sha512-2yN3aun9le122fxYCXYcpfwz9tSnyfoQwFG1K0Kp+1jgscCs+1mJTKjknqN53rm0zGh2MjA6FKDS+ZcwsxzYDw=="
    },
    "sql.js": {
      "version": "1.7.0",
      "resolved": "https://registry.npmjs.org/sql.js/-/sql.js-1.7.0.tgz",
      "integrity": "sha512-qAfft3xkSgHqmmfNugWTp/59PsqIw8gbeao5TZmpmzQQsAJ49de3iDDKuxVixidYs6dkHNksY8m27v2dZNn2jw=="
    }
  }
}
