{
  "name": "abap-advent-2021-gregor-wolf",
  "version": "0.0.1",
  "lockfileVersion": 1,
  "requires": true,
  "dependencies": {
    "@abaplint/cli": {
      "version": "2.91.5",
      "resolved": "https://registry.npmjs.org/@abaplint/cli/-/cli-2.91.5.tgz",
      "integrity": "sha512-1PE2YOasVIghVGG2KA1z/Tot9E0Kf/7BVqV85nhEMe8IrDQpSLa4HB0ayQl8YpDLv1WxWB7JBoBe/xBaSFlCKQ=="
    },
    "@abaplint/runtime": {
      "version": "2.0.47",
      "resolved": "https://registry.npmjs.org/@abaplint/runtime/-/runtime-2.0.47.tgz",
      "integrity": "sha512-qj+fJhBNflzlO5yAP6nfZjwO+VREB54y0rjpK0Ujd6BexogWkcbHLPBKdxiYnFUAmqgJylsgCW1ricLXWb6eiQ=="
    },
    "@abaplint/transpiler-cli": {
      "version": "2.0.47",
      "resolved": "https://registry.npmjs.org/@abaplint/transpiler-cli/-/transpiler-cli-2.0.47.tgz",
      "integrity": "sha512-CsI7nDgEZQmDc8zBJmBw3oY0naWfE+km5Qp/fpuplEEBUTZ1JdDjvhsPvDNp7YNJZ7By4fIElowW2uTu/d6bOw=="
    }
  }
}
